{
  "version": "5",
  "specifiers": {
    "jsr:@mrg-keystone/keep@1": "1.18.0",
    "npm:class-transformer@0.5": "0.5.1",
    "npm:class-validator@0.14": "0.14.4",
    "npm:reflect-metadata@0.1.13": "0.1.13"
  },
  "jsr": {
    "@mrg-keystone/keep@1.18.0": {
      "integrity": "7ad8857f7091eb9ca3d92220eff40ecc196cc821ad10503c962358b2cdc9bb4c",
      "dependencies": [
        "npm:class-transformer",
        "npm:class-validator",
        "npm:reflect-metadata"
      ]
    }
  },
  "npm": {
    "@types/validator@13.15.10": {
      "integrity": "sha512-T8L6i7wCuyoK8A/ZeLYt1+q0ty3Zb9+qbSSvrIVitzT3YjZqkTZ40IbRsPanlB4h1QB3JVL1SYCdR6ngtFYcuA=="
    },
    "class-transformer@0.5.1": {
      "integrity": "sha512-SQa1Ws6hUbfC98vKGxZH3KFY0Y1lm5Zm0SY8XX9zbK7FJCyVEac3ATW0RIpwzW+oOfmHE5PMPufDG9hCfoEOMw=="
    },
    "class-validator@0.14.4": {
      "integrity": "sha512-AwNusCCam51q703dW82x95tOqQp6oC9HNUl724KxJJOfnKscI8dOloXFgyez7LbTTKWuRBA37FScqVbJEoq8Yw==",
      "dependencies": [
        "@types/validator",
        "libphonenumber-js",
        "validator"
      ]
    },
    "libphonenumber-js@1.13.6": {
      "integrity": "sha512-NdB6O6QvlGMCoG003m0YIKG2+Xw7DjmCZhmc1RH+K6HncADUbRf8TZeLegxBBN1VFyPHcNpPTKpIhYLXzJVy1Q=="
    },
    "reflect-metadata@0.1.13": {
      "integrity": "sha512-Ts1Y/anZELhSsjMcU605fU9RE4Oi3p5ORujwbIKXfWa+0Zxs510Qrmrce5/Jowq3cHSZSJqBjypxmHarc+vEWg=="
    },
    "validator@13.15.35": {
      "integrity": "sha512-TQ5pAGhd5whStmqWvYF4OjQROlmv9SMFVt37qoCBdqRffuuklWYQlCNnEs2ZaIBD1kZRNnikiZOS1eqgkar0iw=="
    }
  },
  "workspace": {
    "dependencies": [
      "jsr:@mrg-keystone/keep@1",
      "jsr:@std/assert@*",
      "jsr:@std/path@*",
      "npm:class-transformer@0.5",
      "npm:class-validator@0.14",
      "npm:reflect-metadata@0.2"
    ]
  }
}
